
Microsoft Visual Studio Solution File, Format Version 12.00
# Visual Studio 15
VisualStudioVersion = 15.0.28307.168
MinimumVisualStudioVersion = 10.0.40219.1
Project("{FAE04EC0-301F-11D3-BF4B-00C04F79EFBC}") = "CMS.Web", "CMS.Web\CMS.Web.csproj", "{3BB6C24B-44CE-4E38-AE7B-69DF6B11E33F}"
EndProject
Project("{FAE04EC0-301F-11D3-BF4B-00C04F79EFBC}") = "CMS.Data", "CMS.Data\CMS.Data.csproj", "{E73FB7F1-C92A-4987-82AC-A157CC2FE03D}"
EndProject
Global
	GlobalSection(SolutionConfigurationPlatforms) = preSolution
		Debug|Any CPU = Debug|Any CPU
		Release|Any CPU = Release|Any CPU
	EndGlobalSection
	GlobalSection(ProjectConfigurationPlatforms) = postSolution
		{3BB6C24B-44CE-4E38-AE7B-69DF6B11E33F}.Debug|Any CPU.ActiveCfg = Debug|Any CPU
		{3BB6C24B-44CE-4E38-AE7B-69DF6B11E33F}.Debug|Any CPU.Build.0 = Debug|Any CPU
		{3BB6C24B-44CE-4E38-AE7B-69DF6B11E33F}.Release|Any CPU.ActiveCfg = Release|Any CPU
		{3BB6C24B-44CE-4E38-AE7B-69DF6B11E33F}.Release|Any CPU.Build.0 = Release|Any CPU
		{E73FB7F1-C92A-4987-82AC-A157CC2FE03D}.Debug|Any CPU.ActiveCfg = Debug|Any CPU
		{E73FB7F1-C92A-4987-82AC-A157CC2FE03D}.Debug|Any CPU.Build.0 = Debug|Any CPU
		{E73FB7F1-C92A-4987-82AC-A157CC2FE03D}.Release|Any CPU.ActiveCfg = Release|Any CPU
		{E73FB7F1-C92A-4987-82AC-A157CC2FE03D}.Release|Any CPU.Build.0 = Release|Any CPU
	EndGlobalSection
	GlobalSection(SolutionProperties) = preSolution
		HideSolutionNode = FALSE
	EndGlobalSection
	GlobalSection(ExtensibilityGlobals) = postSolution
		SolutionGuid = {C2E26AAE-8127-4FE1-AC0B-5F3A49351552}
	EndGlobalSection
EndGlobal
